
Microsoft Visual Studio Solution File, Format Version 12.00
# Visual Studio Version 17
VisualStudioVersion = 17.8.34525.116
MinimumVisualStudioVersion = 10.0.40219.1
Project("{9A19103F-16F7-4668-BE54-9A1E7A4F7556}") = "ThreadingLocking", "ThreadingLocking.csproj", "{8D067879-8605-4B6D-AF5F-E909B4B19D63}"
EndProject
Global
	GlobalSection(SolutionConfigurationPlatforms) = preSolution
		Debug|Any CPU = Debug|Any CPU
		Release|Any CPU = Release|Any CPU
	EndGlobalSection
	GlobalSection(ProjectConfigurationPlatforms) = postSolution
		{8D067879-8605-4B6D-AF5F-E909B4B19D63}.Debug|Any CPU.ActiveCfg = Debug|Any CPU
		{8D067879-8605-4B6D-AF5F-E909B4B19D63}.Debug|Any CPU.Build.0 = Debug|Any CPU
		{8D067879-8605-4B6D-AF5F-E909B4B19D63}.Release|Any CPU.ActiveCfg = Release|Any CPU
		{8D067879-8605-4B6D-AF5F-E909B4B19D63}.Release|Any CPU.Build.0 = Release|Any CPU
	EndGlobalSection
	GlobalSection(SolutionProperties) = preSolution
		HideSolutionNode = FALSE
	EndGlobalSection
	GlobalSection(ExtensibilityGlobals) = postSolution
		SolutionGuid = {5D91CC42-1C7D-44FF-86C3-C3E823A8B438}
	EndGlobalSection
EndGlobal
